
Microsoft Visual Studio Solution File, Format Version 12.00
# Visual Studio Version 16
VisualStudioVersion = 16.0.32106.194
MinimumVisualStudioVersion = 10.0.40219.1
Project("{FAE04EC0-301F-11D3-BF4B-00C04F79EFBC}") = "Classic Snakes Game Bogdan B 9H", "Classic Snakes Game Bogdan B 9H\Classic Snakes Game Bogdan B 9H.csproj", "{8668BD91-E752-4CBB-9B55-5D7936F8D618}"
EndProject
Global
	GlobalSection(SolutionConfigurationPlatforms) = preSolution
		Debug|Any CPU = Debug|Any CPU
		Release|Any CPU = Release|Any CPU
	EndGlobalSection
	GlobalSection(ProjectConfigurationPlatforms) = postSolution
		{8668BD91-E752-4CBB-9B55-5D7936F8D618}.Debug|Any CPU.ActiveCfg = Debug|Any CPU
		{8668BD91-E752-4CBB-9B55-5D7936F8D618}.Debug|Any CPU.Build.0 = Debug|Any CPU
		{8668BD91-E752-4CBB-9B55-5D7936F8D618}.Release|Any CPU.ActiveCfg = Release|Any CPU
		{8668BD91-E752-4CBB-9B55-5D7936F8D618}.Release|Any CPU.Build.0 = Release|Any CPU
	EndGlobalSection
	GlobalSection(SolutionProperties) = preSolution
		HideSolutionNode = FALSE
	EndGlobalSection
	GlobalSection(ExtensibilityGlobals) = postSolution
		SolutionGuid = {3C01FC2D-281B-4782-9C18-BFDBE7EF6679}
	EndGlobalSection
EndGlobal
